
Microsoft Visual Studio Solution File, Format Version 12.00
# Visual Studio Version 17
VisualStudioVersion = 17.9.34728.123
MinimumVisualStudioVersion = 10.0.40219.1
Project("{FAE04EC0-301F-11D3-BF4B-00C04F79EFBC}") = "SistemaInventario", "SistemaInventario\SistemaInventario.csproj", "{499AB6BC-8A5B-4FD9-B89F-101AB61055FE}"
EndProject
Global
	GlobalSection(SolutionConfigurationPlatforms) = preSolution
		Debug|Any CPU = Debug|Any CPU
		Release|Any CPU = Release|Any CPU
	EndGlobalSection
	GlobalSection(ProjectConfigurationPlatforms) = postSolution
		{499AB6BC-8A5B-4FD9-B89F-101AB61055FE}.Debug|Any CPU.ActiveCfg = Debug|Any CPU
		{499AB6BC-8A5B-4FD9-B89F-101AB61055FE}.Debug|Any CPU.Build.0 = Debug|Any CPU
		{499AB6BC-8A5B-4FD9-B89F-101AB61055FE}.Release|Any CPU.ActiveCfg = Release|Any CPU
		{499AB6BC-8A5B-4FD9-B89F-101AB61055FE}.Release|Any CPU.Build.0 = Release|Any CPU
	EndGlobalSection
	GlobalSection(SolutionProperties) = preSolution
		HideSolutionNode = FALSE
	EndGlobalSection
	GlobalSection(ExtensibilityGlobals) = postSolution
		SolutionGuid = {E238AA28-FBBF-4003-8DF7-78DFF295C577}
	EndGlobalSection
EndGlobal
